
Microsoft Visual Studio Solution File, Format Version 12.00
# Visual Studio 15
VisualStudioVersion = 15.0.28307.1972
MinimumVisualStudioVersion = 10.0.40219.1
Project("{FAE04EC0-301F-11D3-BF4B-00C04F79EFBC}") = "lb1", "lb1\lb1.csproj", "{2D73D5E6-DBD5-4968-BF8C-5BD2DA0DFBAE}"
EndProject
Global
	GlobalSection(SolutionConfigurationPlatforms) = preSolution
		Debug|Any CPU = Debug|Any CPU
		Release|Any CPU = Release|Any CPU
	EndGlobalSection
	GlobalSection(ProjectConfigurationPlatforms) = postSolution
		{2D73D5E6-DBD5-4968-BF8C-5BD2DA0DFBAE}.Debug|Any CPU.ActiveCfg = Debug|Any CPU
		{2D73D5E6-DBD5-4968-BF8C-5BD2DA0DFBAE}.Debug|Any CPU.Build.0 = Debug|Any CPU
		{2D73D5E6-DBD5-4968-BF8C-5BD2DA0DFBAE}.Release|Any CPU.ActiveCfg = Release|Any CPU
		{2D73D5E6-DBD5-4968-BF8C-5BD2DA0DFBAE}.Release|Any CPU.Build.0 = Release|Any CPU
	EndGlobalSection
	GlobalSection(SolutionProperties) = preSolution
		HideSolutionNode = FALSE
	EndGlobalSection
	GlobalSection(ExtensibilityGlobals) = postSolution
		SolutionGuid = {E6AF62E4-E60E-43E0-905D-73A2B842BBB7}
	EndGlobalSection
EndGlobal
